// !$*UTF8*$!
{
	archiveVersion = 1;
	classes = {
	};
	objectVersion = 110;
	objects = {

/* Begin PBXBuildFile section */
		E65791B93072085500FC1FCA /* WidgetKit.framework in Frameworks */ = {isa = PBXBuildFile; fileRef = E65791B83072085400FC1FCA /* WidgetKit.framework */; };
		E65791BB3072085500FC1FCA /* SwiftUI.framework in Frameworks */ = {isa = PBXBuildFile; fileRef = E65791BA3072085500FC1FCA /* SwiftUI.framework */; };
		E65791C63072085600FC1FCA /* MissionControlWidgetExtension.appex in Embed Foundation Extensions */ = {isa = PBXBuildFile; fileRef = E65791B63072085400FC1FCA /* MissionControlWidgetExtension.appex */; settings = {ATTRIBUTES = (RemoveHeadersOnCopy, ); }; };
/* End PBXBuildFile section */

/* Begin PBXContainerItemProxy section */
		E6578F29306FCE8D00FC1FCA /* PBXContainerItemProxy */ = {
			isa = PBXContainerItemProxy;
			containerPortal = E6578F13306FCE8C00FC1FCA /* Project object */;
			proxyType = 1;
			remoteGlobalIDString = E6578F1A306FCE8D00FC1FCA;
			remoteInfo = MissionControl;
		};
		E6578F33306FCE8D00FC1FCA /* PBXContainerItemProxy */ = {
			isa = PBXContainerItemProxy;
			containerPortal = E6578F13306FCE8C00FC1FCA /* Project object */;
			proxyType = 1;
			remoteGlobalIDString = E6578F1A306FCE8D00FC1FCA;
			remoteInfo = MissionControl;
		};
		E65791C43072085600FC1FCA /* PBXContainerItemProxy */ = {
			isa = PBXContainerItemProxy;
			containerPortal = E6578F13306FCE8C00FC1FCA /* Project object */;
			proxyType = 1;
			remoteGlobalIDString = E65791B53072085400FC1FCA;
			remoteInfo = MissionControlWidgetExtension;
		};
/* End PBXContainerItemProxy section */

/* Begin PBXCopyFilesBuildPhase section */
		E65791C73072085600FC1FCA /* Embed Foundation Extensions */ = {
			isa = PBXCopyFilesBuildPhase;
			dstPath = "";
			dstSubfolder = PlugIns;
			files = (
				E65791C63072085600FC1FCA /* MissionControlWidgetExtension.appex in Embed Foundation Extensions */,
			);
			name = "Embed Foundation Extensions";
		};
/* End PBXCopyFilesBuildPhase section */

/* Begin PBXFileReference section */
		E6578F1B306FCE8D00FC1FCA /* MissionControl.app */ = {isa = PBXFileReference; explicitFileType = wrapper.application; includeInIndex = 0; path = MissionControl.app; sourceTree = BUILT_PRODUCTS_DIR; };
		E6578F28306FCE8D00FC1FCA /* MissionControlTests.xctest */ = {isa = PBXFileReference; explicitFileType = wrapper.cfbundle; includeInIndex = 0; path = MissionControlTests.xctest; sourceTree = BUILT_PRODUCTS_DIR; };
		E6578F32306FCE8D00FC1FCA /* MissionControlUITests.xctest */ = {isa = PBXFileReference; explicitFileType = wrapper.cfbundle; includeInIndex = 0; path = MissionControlUITests.xctest; sourceTree = BUILT_PRODUCTS_DIR; };
		E65791B63072085400FC1FCA /* MissionControlWidgetExtension.appex */ = {isa = PBXFileReference; explicitFileType = "wrapper.app-extension"; includeInIndex = 0; path = MissionControlWidgetExtension.appex; sourceTree = BUILT_PRODUCTS_DIR; };
		E65791B83072085400FC1FCA /* WidgetKit.framework */ = {isa = PBXFileReference; lastKnownFileType = wrapper.framework; name = WidgetKit.framework; path = System/Library/Frameworks/WidgetKit.framework; sourceTree = SDKROOT; };
		E65791BA3072085500FC1FCA /* SwiftUI.framework */ = {isa = PBXFileReference; lastKnownFileType = wrapper.framework; name = SwiftUI.framework; path = System/Library/Frameworks/SwiftUI.framework; sourceTree = SDKROOT; };
/* End PBXFileReference section */

/* Begin PBXFileSystemSynchronizedBuildFileExceptionSet section */
		E65791CA3072085600FC1FCA /* Exceptions for "MissionControlWidget" folder in "MissionControlWidgetExtension" target */ = {
			isa = PBXFileSystemSynchronizedBuildFileExceptionSet;
			membershipExceptions = (
				Info.plist,
			);
			target = E65791B53072085400FC1FCA /* MissionControlWidgetExtension */;
		};
		E65791CF307218F800FC1FCA /* Exceptions for "MissionControl" folder in "MissionControlWidgetExtension" target */ = {
			isa = PBXFileSystemSynchronizedBuildFileExceptionSet;
			membershipExceptions = (
				Shared/SharedStore.swift,
			);
			target = E65791B53072085400FC1FCA /* MissionControlWidgetExtension */;
		};
/* End PBXFileSystemSynchronizedBuildFileExceptionSet section */

/* Begin PBXFileSystemSynchronizedRootGroup section */
		E6578F1D306FCE8D00FC1FCA /* MissionControl */ = {
			isa = PBXFileSystemSynchronizedRootGroup;
			exceptions = (
				E65791CF307218F800FC1FCA /* Exceptions for "MissionControl" folder in "MissionControlWidgetExtension" target */,
			);
			path = MissionControl;
			sourceTree = "<group>";
		};
		E6578F2B306FCE8D00FC1FCA /* MissionControlTests */ = {
			isa = PBXFileSystemSynchronizedRootGroup;
			path = MissionControlTests;
			sourceTree = "<group>";
		};
		E6578F35306FCE8D00FC1FCA /* MissionControlUITests */ = {
			isa = PBXFileSystemSynchronizedRootGroup;
			path = MissionControlUITests;
			sourceTree = "<group>";
		};
		E65791BC3072085500FC1FCA /* MissionControlWidget */ = {
			isa = PBXFileSystemSynchronizedRootGroup;
			exceptions = (
				E65791CA3072085600FC1FCA /* Exceptions for "MissionControlWidget" folder in "MissionControlWidgetExtension" target */,
			);
			path = MissionControlWidget;
			sourceTree = "<group>";
		};
/* End PBXFileSystemSynchronizedRootGroup section */

/* Begin PBXFrameworksBuildPhase section */
		E6578F18306FCE8D00FC1FCA /* Frameworks */ = {
			isa = PBXFrameworksBuildPhase;
			files = (
			);
		};
		E6578F25306FCE8D00FC1FCA /* Frameworks */ = {
			isa = PBXFrameworksBuildPhase;
			files = (
			);
		};
		E6578F2F306FCE8D00FC1FCA /* Frameworks */ = {
			isa = PBXFrameworksBuildPhase;
			files = (
			);
		};
		E65791B33072085400FC1FCA /* Frameworks */ = {
			isa = PBXFrameworksBuildPhase;
			files = (
				E65791BB3072085500FC1FCA /* SwiftUI.framework in Frameworks */,
				E65791B93072085500FC1FCA /* WidgetKit.framework in Frameworks */,
			);
		};
/* End PBXFrameworksBuildPhase section */

/* Begin PBXGroup section */
		E6578F12306FCE8C00FC1FCA = {
			isa = PBXGroup;
			children = (
				E6578F1D306FCE8D00FC1FCA /* MissionControl */,
				E6578F2B306FCE8D00FC1FCA /* MissionControlTests */,
				E6578F35306FCE8D00FC1FCA /* MissionControlUITests */,
				E65791BC3072085500FC1FCA /* MissionControlWidget */,
				E65791B73072085400FC1FCA /* Frameworks */,
				E6578F1C306FCE8D00FC1FCA /* Products */,
			);
			sourceTree = "<group>";
		};
		E6578F1C306FCE8D00FC1FCA /* Products */ = {
			isa = PBXGroup;
			children = (
				E6578F1B306FCE8D00FC1FCA /* MissionControl.app */,
				E6578F28306FCE8D00FC1FCA /* MissionControlTests.xctest */,
				E6578F32306FCE8D00FC1FCA /* MissionControlUITests.xctest */,
				E65791B63072085400FC1FCA /* MissionControlWidgetExtension.appex */,
			);
			name = Products;
			sourceTree = "<group>";
		};
		E65791B73072085400FC1FCA /* Frameworks */ = {
			isa = PBXGroup;
			children = (
				E65791B83072085400FC1FCA /* WidgetKit.framework */,
				E65791BA3072085500FC1FCA /* SwiftUI.framework */,
			);
			name = Frameworks;
			sourceTree = "<group>";
		};
/* End PBXGroup section */

/* Begin PBXNativeTarget section */
		E6578F1A306FCE8D00FC1FCA /* MissionControl */ = {
			isa = PBXNativeTarget;
			buildConfigurationList = E6578F3A306FCE8D00FC1FCA /* Build configuration list for PBXNativeTarget "MissionControl" */;
			buildPhases = (
				E6578F17306FCE8D00FC1FCA /* Sources */,
				E6578F18306FCE8D00FC1FCA /* Frameworks */,
				E6578F19306FCE8D00FC1FCA /* Resources */,
				E65791C73072085600FC1FCA /* Embed Foundation Extensions */,
			);
			buildRules = (
			);
			dependencies = (
				E65791C53072085600FC1FCA /* PBXTargetDependency */,
			);
			fileSystemSynchronizedGroups = (
				E6578F1D306FCE8D00FC1FCA /* MissionControl */,
			);
			name = MissionControl;
			productName = MissionControl;
			productReference = E6578F1B306FCE8D00FC1FCA /* MissionControl.app */;
			productType = "com.apple.product-type.application";
		};
		E6578F27306FCE8D00FC1FCA /* MissionControlTests */ = {
			isa = PBXNativeTarget;
			buildConfigurationList = E6578F3D306FCE8D00FC1FCA /* Build configuration list for PBXNativeTarget "MissionControlTests" */;
			buildPhases = (
				E6578F24306FCE8D00FC1FCA /* Sources */,
				E6578F25306FCE8D00FC1FCA /* Frameworks */,
				E6578F26306FCE8D00FC1FCA /* Resources */,
			);
			buildRules = (
			);
			dependencies = (
				E6578F2A306FCE8D00FC1FCA /* PBXTargetDependency */,
			);
			fileSystemSynchronizedGroups = (
				E6578F2B306FCE8D00FC1FCA /* MissionControlTests */,
			);
			name = MissionControlTests;
			productName = MissionControlTests;
			productReference = E6578F28306FCE8D00FC1FCA /* MissionControlTests.xctest */;
			productType = "com.apple.product-type.bundle.unit-test";
		};
		E6578F31306FCE8D00FC1FCA /* MissionControlUITests */ = {
			isa = PBXNativeTarget;
			buildConfigurationList = E6578F40306FCE8D00FC1FCA /* Build configuration list for PBXNativeTarget "MissionControlUITests" */;
			buildPhases = (
				E6578F2E306FCE8D00FC1FCA /* Sources */,
				E6578F2F306FCE8D00FC1FCA /* Frameworks */,
				E6578F30306FCE8D00FC1FCA /* Resources */,
			);
			buildRules = (
			);
			dependencies = (
				E6578F34306FCE8D00FC1FCA /* PBXTargetDependency */,
			);
			fileSystemSynchronizedGroups = (
				E6578F35306FCE8D00FC1FCA /* MissionControlUITests */,
			);
			name = MissionControlUITests;
			productName = MissionControlUITests;
			productReference = E6578F32306FCE8D00FC1FCA /* MissionControlUITests.xctest */;
			productType = "com.apple.product-type.bundle.ui-testing";
		};
		E65791B53072085400FC1FCA /* MissionControlWidgetExtension */ = {
			isa = PBXNativeTarget;
			buildConfigurationList = E65791CB3072085600FC1FCA /* Build configuration list for PBXNativeTarget "MissionControlWidgetExtension" */;
			buildPhases = (
				E65791B23072085400FC1FCA /* Sources */,
				E65791B33072085400FC1FCA /* Frameworks */,
				E65791B43072085400FC1FCA /* Resources */,
			);
			buildRules = (
			);
			fileSystemSynchronizedGroups = (
				E65791BC3072085500FC1FCA /* MissionControlWidget */,
			);
			name = MissionControlWidgetExtension;
			productName = MissionControlWidgetExtension;
			productReference = E65791B63072085400FC1FCA /* MissionControlWidgetExtension.appex */;
			productType = "com.apple.product-type.app-extension";
		};
/* End PBXNativeTarget section */

/* Begin PBXProject section */
		E6578F13306FCE8C00FC1FCA /* Project object */ = {
			isa = PBXProject;
			attributes = {
				BuildIndependentTargetsInParallel = 1;
				LastSwiftUpdateCheck = 2700;
				LastUpgradeCheck = 2700;
				TargetAttributes = {
					E6578F1A306FCE8D00FC1FCA = {
						CreatedOnToolsVersion = 27.0;
					};
					E6578F27306FCE8D00FC1FCA = {
						CreatedOnToolsVersion = 27.0;
						TestTargetID = E6578F1A306FCE8D00FC1FCA;
					};
					E6578F31306FCE8D00FC1FCA = {
						CreatedOnToolsVersion = 27.0;
						TestTargetID = E6578F1A306FCE8D00FC1FCA;
					};
					E65791B53072085400FC1FCA = {
						CreatedOnToolsVersion = 27.0;
					};
				};
			};
			buildConfigurationList = E6578F16306FCE8C00FC1FCA /* Build configuration list for PBXProject "MissionControl" */;
			developmentRegion = en;
			hasScannedForEncodings = 0;
			knownRegions = (
				en,
				Base,
			);
			mainGroup = E6578F12306FCE8C00FC1FCA;
			minimizedProjectReferenceProxies = 1;
			preferredProjectObjectVersion = 77;
			productRefGroup = E6578F1C306FCE8D00FC1FCA /* Products */;
			projectDirPath = "";
			projectRoot = "";
			targets = (
				E6578F1A306FCE8D00FC1FCA /* MissionControl */,
				E6578F27306FCE8D00FC1FCA /* MissionControlTests */,
				E6578F31306FCE8D00FC1FCA /* MissionControlUITests */,
				E65791B53072085400FC1FCA /* MissionControlWidgetExtension */,
			);
		};
/* End PBXProject section */

/* Begin PBXResourcesBuildPhase section */
		E6578F19306FCE8D00FC1FCA /* Resources */ = {
			isa = PBXResourcesBuildPhase;
			files = (
			);
		};
		E6578F26306FCE8D00FC1FCA /* Resources */ = {
			isa = PBXResourcesBuildPhase;
			files = (
			);
		};
		E6578F30306FCE8D00FC1FCA /* Resources */ = {
			isa = PBXResourcesBuildPhase;
			files = (
			);
		};
		E65791B43072085400FC1FCA /* Resources */ = {
			isa = PBXResourcesBuildPhase;
			files = (
			);
		};
/* End PBXResourcesBuildPhase section */

/* Begin PBXSourcesBuildPhase section */
		E6578F17306FCE8D00FC1FCA /* Sources */ = {
			isa = PBXSourcesBuildPhase;
			files = (
			);
		};
		E6578F24306FCE8D00FC1FCA /* Sources */ = {
			isa = PBXSourcesBuildPhase;
			files = (
			);
		};
		E6578F2E306FCE8D00FC1FCA /* Sources */ = {
			isa = PBXSourcesBuildPhase;
			files = (
			);
		};
		E65791B23072085400FC1FCA /* Sources */ = {
			isa = PBXSourcesBuildPhase;
			files = (
			);
		};
/* End PBXSourcesBuildPhase section */

/* Begin PBXTargetDependency section */
		E6578F2A306FCE8D00FC1FCA /* PBXTargetDependency */ = {
			isa = PBXTargetDependency;
			target = E6578F1A306FCE8D00FC1FCA /* MissionControl */;
			targetProxy = E6578F29306FCE8D00FC1FCA /* PBXContainerItemProxy */;
		};
		E6578F34306FCE8D00FC1FCA /* PBXTargetDependency */ = {
			isa = PBXTargetDependency;
			target = E6578F1A306FCE8D00FC1FCA /* MissionControl */;
			targetProxy = E6578F33306FCE8D00FC1FCA /* PBXContainerItemProxy */;
		};
		E65791C53072085600FC1FCA /* PBXTargetDependency */ = {
			isa = PBXTargetDependency;
			target = E65791B53072085400FC1FCA /* MissionControlWidgetExtension */;
			targetProxy = E65791C43072085600FC1FCA /* PBXContainerItemProxy */;
		};
/* End PBXTargetDependency section */

/* Begin XCBuildConfiguration section */
		E6578F38306FCE8D00FC1FCA /* Debug configuration for PBXProject "MissionControl" */ = {
			isa = XCBuildConfiguration;
			buildSettings = {
				ALWAYS_SEARCH_USER_PATHS = NO;
				ASSETCATALOG_COMPILER_GENERATE_SWIFT_ASSET_SYMBOL_EXTENSIONS = YES;
				CLANG_ANALYZER_NONNULL = YES;
				CLANG_ANALYZER_NUMBER_OBJECT_CONVERSION = YES_AGGRESSIVE;
				CLANG_CXX_LANGUAGE_STANDARD = "gnu++20";
				CLANG_ENABLE_MODULES = YES;
				CLANG_ENABLE_OBJC_ARC = YES;
				CLANG_ENABLE_OBJC_WEAK = YES;
				CLANG_WARN_BLOCK_CAPTURE_AUTORELEASING = YES;
				CLANG_WARN_BOOL_CONVERSION = YES;
				CLANG_WARN_COMMA = YES;
				CLANG_WARN_CONSTANT_CONVERSION = YES;
				CLANG_WARN_DEPRECATED_OBJC_IMPLEMENTATIONS = YES;
				CLANG_WARN_DIRECT_OBJC_ISA_USAGE = YES_ERROR;
				CLANG_WARN_DOCUMENTATION_COMMENTS = YES;
				CLANG_WARN_EMPTY_BODY = YES;
				CLANG_WARN_ENUM_CONVERSION = YES;
				CLANG_WARN_INFINITE_RECURSION = YES;
				CLANG_WARN_INT_CONVERSION = YES;
				CLANG_WARN_NON_LITERAL_NULL_CONVERSION = YES;
				CLANG_WARN_OBJC_IMPLICIT_RETAIN_SELF = YES;
				CLANG_WARN_OBJC_LITERAL_CONVERSION = YES;
				CLANG_WARN_OBJC_ROOT_CLASS = YES_ERROR;
				CLANG_WARN_QUOTED_INCLUDE_IN_FRAMEWORK_HEADER = YES;
				CLANG_WARN_RANGE_LOOP_ANALYSIS = YES;
				CLANG_WARN_STRICT_PROTOTYPES = YES;
				CLANG_WARN_SUSPICIOUS_MOVE = YES;
				CLANG_WARN_UNGUARDED_AVAILABILITY = YES_AGGRESSIVE;
				CLANG_WARN_UNREACHABLE_CODE = YES;
				CLANG_WARN__DUPLICATE_METHOD_MATCH = YES;
				COPY_PHASE_STRIP = NO;
				DEBUG_INFORMATION_FORMAT = dwarf;
				ENABLE_STRICT_OBJC_MSGSEND = YES;
				ENABLE_TESTABILITY = YES;
				ENABLE_USER_SCRIPT_SANDBOXING = YES;
				GCC_C_LANGUAGE_STANDARD = gnu17;
				GCC_DYNAMIC_NO_PIC = NO;
				GCC_NO_COMMON_BLOCKS = YES;
				GCC_OPTIMIZATION_LEVEL = 0;
				GCC_PREPROCESSOR_DEFINITIONS = (
					"DEBUG=1",
					"$(inherited)",
				);
				GCC_WARN_64_TO_32_BIT_CONVERSION = YES;
				GCC_WARN_ABOUT_RETURN_TYPE = YES_ERROR;
				GCC_WARN_UNDECLARED_SELECTOR = YES;
				GCC_WARN_UNINITIALIZED_AUTOS = YES_AGGRESSIVE;
				GCC_WARN_UNUSED_FUNCTION = YES;
				GCC_WARN_UNUSED_VARIABLE = YES;
				IPHONEOS_DEPLOYMENT_TARGET = 27.0;
				LOCALIZATION_PREFERS_STRING_CATALOGS = YES;
				MTL_ENABLE_DEBUG_INFO = INCLUDE_SOURCE;
				MTL_FAST_MATH = YES;
				ONLY_ACTIVE_ARCH = YES;
				SDKROOT = iphoneos;
				SWIFT_ACTIVE_COMPILATION_CONDITIONS = "DEBUG $(inherited)";
				SWIFT_OPTIMIZATION_LEVEL = "-Onone";
			};
			name = Debug;
		};
		E6578F39306FCE8D00FC1FCA /* Release configuration for PBXProject "MissionControl" */ = {
			isa = XCBuildConfiguration;
			buildSettings = {
				ALWAYS_SEARCH_USER_PATHS = NO;
				ASSETCATALOG_COMPILER_GENERATE_SWIFT_ASSET_SYMBOL_EXTENSIONS = YES;
				CLANG_ANALYZER_NONNULL = YES;
				CLANG_ANALYZER_NUMBER_OBJECT_CONVERSION = YES_AGGRESSIVE;
				CLANG_CXX_LANGUAGE_STANDARD = "gnu++20";
				CLANG_ENABLE_MODULES = YES;
				CLANG_ENABLE_OBJC_ARC = YES;
				CLANG_ENABLE_OBJC_WEAK = YES;
				CLANG_WARN_BLOCK_CAPTURE_AUTORELEASING = YES;
				CLANG_WARN_BOOL_CONVERSION = YES;
				CLANG_WARN_COMMA = YES;
				CLANG_WARN_CONSTANT_CONVERSION = YES;
				CLANG_WARN_DEPRECATED_OBJC_IMPLEMENTATIONS = YES;
				CLANG_WARN_DIRECT_OBJC_ISA_USAGE = YES_ERROR;
				CLANG_WARN_DOCUMENTATION_COMMENTS = YES;
				CLANG_WARN_EMPTY_BODY = YES;
				CLANG_WARN_ENUM_CONVERSION = YES;
				CLANG_WARN_INFINITE_RECURSION = YES;
				CLANG_WARN_INT_CONVERSION = YES;
				CLANG_WARN_NON_LITERAL_NULL_CONVERSION = YES;
				CLANG_WARN_OBJC_IMPLICIT_RETAIN_SELF = YES;
				CLANG_WARN_OBJC_LITERAL_CONVERSION = YES;
				CLANG_WARN_OBJC_ROOT_CLASS = YES_ERROR;
				CLANG_WARN_QUOTED_INCLUDE_IN_FRAMEWORK_HEADER = YES;
				CLANG_WARN_RANGE_LOOP_ANALYSIS = YES;
				CLANG_WARN_STRICT_PROTOTYPES = YES;
				CLANG_WARN_SUSPICIOUS_MOVE = YES;
				CLANG_WARN_UNGUARDED_AVAILABILITY = YES_AGGRESSIVE;
				CLANG_WARN_UNREACHABLE_CODE = YES;
				CLANG_WARN__DUPLICATE_METHOD_MATCH = YES;
				COPY_PHASE_STRIP = NO;
				DEBUG_INFORMATION_FORMAT = "dwarf-with-dsym";
				ENABLE_NS_ASSERTIONS = NO;
				ENABLE_STRICT_OBJC_MSGSEND = YES;
				ENABLE_USER_SCRIPT_SANDBOXING = YES;
				GCC_C_LANGUAGE_STANDARD = gnu17;
				GCC_NO_COMMON_BLOCKS = YES;
				GCC_WARN_64_TO_32_BIT_CONVERSION = YES;
				GCC_WARN_ABOUT_RETURN_TYPE = YES_ERROR;
				GCC_WARN_UNDECLARED_SELECTOR = YES;
				GCC_WARN_UNINITIALIZED_AUTOS = YES_AGGRESSIVE;
				GCC_WARN_UNUSED_FUNCTION = YES;
				GCC_WARN_UNUSED_VARIABLE = YES;
				IPHONEOS_DEPLOYMENT_TARGET = 27.0;
				LOCALIZATION_PREFERS_STRING_CATALOGS = YES;
				MTL_ENABLE_DEBUG_INFO = NO;
				MTL_FAST_MATH = YES;
				SDKROOT = iphoneos;
				SWIFT_COMPILATION_MODE = wholemodule;
				VALIDATE_PRODUCT = YES;
			};
			name = Release;
		};
		E6578F3B306FCE8D00FC1FCA /* Debug configuration for PBXNativeTarget "MissionControl" */ = {
			isa = XCBuildConfiguration;
			buildSettings = {
				ASSETCATALOG_COMPILER_APPICON_NAME = AppIcon;
				ASSETCATALOG_COMPILER_GLOBAL_ACCENT_COLOR_NAME = AccentColor;
				CODE_SIGN_ENTITLEMENTS = MissionControl/MissionControl.entitlements;
				CODE_SIGN_STYLE = Automatic;
				CURRENT_PROJECT_VERSION = 1;
				ENABLE_PREVIEWS = YES;
				GENERATE_INFOPLIST_FILE = YES;
				INFOPLIST_KEY_UIApplicationSceneManifest_Generation = YES;
				INFOPLIST_KEY_UIApplicationSupportsIndirectInputEvents = YES;
				INFOPLIST_KEY_UILaunchScreen_Generation = YES;
				INFOPLIST_KEY_UISupportedInterfaceOrientations_iPad = "UIInterfaceOrientationPortrait UIInterfaceOrientationPortraitUpsideDown UIInterfaceOrientationLandscapeLeft UIInterfaceOrientationLandscapeRight";
				INFOPLIST_KEY_UISupportedInterfaceOrientations_iPhone = "UIInterfaceOrientationPortrait UIInterfaceOrientationLandscapeLeft UIInterfaceOrientationLandscapeRight";
				LD_RUNPATH_SEARCH_PATHS = (
					"$(inherited)",
					"@executable_path/Frameworks",
				);
				MARKETING_VERSION = 1.0;
				PRODUCT_BUNDLE_IDENTIFIER = Rohan.MissionControl;
				PRODUCT_NAME = "$(TARGET_NAME)";
				REGISTER_APP_GROUPS = YES;
				STRING_CATALOG_GENERATE_SYMBOLS = YES;
				SWIFT_APPROACHABLE_CONCURRENCY = YES;
				SWIFT_DEFAULT_ACTOR_ISOLATION = MainActor;
				SWIFT_EMIT_LOC_STRINGS = YES;
				SWIFT_UPCOMING_FEATURE_MEMBER_IMPORT_VISIBILITY = YES;
				SWIFT_VERSION = 5.0;
				TARGETED_DEVICE_FAMILY = "1,2";
			};
			name = Debug;
		};
		E6578F3C306FCE8D00FC1FCA /* Release configuration for PBXNativeTarget "MissionControl" */ = {
			isa = XCBuildConfiguration;
			buildSettings = {
				ASSETCATALOG_COMPILER_APPICON_NAME = AppIcon;
				ASSETCATALOG_COMPILER_GLOBAL_ACCENT_COLOR_NAME = AccentColor;
				CODE_SIGN_ENTITLEMENTS = MissionControl/MissionControl.entitlements;
				CODE_SIGN_STYLE = Automatic;
				CURRENT_PROJECT_VERSION = 1;
				ENABLE_PREVIEWS = YES;
				GENERATE_INFOPLIST_FILE = YES;
				INFOPLIST_KEY_UIApplicationSceneManifest_Generation = YES;
				INFOPLIST_KEY_UIApplicationSupportsIndirectInputEvents = YES;
				INFOPLIST_KEY_UILaunchScreen_Generation = YES;
				INFOPLIST_KEY_UISupportedInterfaceOrientations_iPad = "UIInterfaceOrientationPortrait UIInterfaceOrientationPortraitUpsideDown UIInterfaceOrientationLandscapeLeft UIInterfaceOrientationLandscapeRight";
				INFOPLIST_KEY_UISupportedInterfaceOrientations_iPhone = "UIInterfaceOrientationPortrait UIInterfaceOrientationLandscapeLeft UIInterfaceOrientationLandscapeRight";
				LD_RUNPATH_SEARCH_PATHS = (
					"$(inherited)",
					"@executable_path/Frameworks",
				);
				MARKETING_VERSION = 1.0;
				PRODUCT_BUNDLE_IDENTIFIER = Rohan.MissionControl;
				PRODUCT_NAME = "$(TARGET_NAME)";
				REGISTER_APP_GROUPS = YES;
				STRING_CATALOG_GENERATE_SYMBOLS = YES;
				SWIFT_APPROACHABLE_CONCURRENCY = YES;
				SWIFT_DEFAULT_ACTOR_ISOLATION = MainActor;
				SWIFT_EMIT_LOC_STRINGS = YES;
				SWIFT_UPCOMING_FEATURE_MEMBER_IMPORT_VISIBILITY = YES;
				SWIFT_VERSION = 5.0;
				TARGETED_DEVICE_FAMILY = "1,2";
			};
			name = Release;
		};
		E6578F3E306FCE8D00FC1FCA /* Debug configuration for PBXNativeTarget "MissionControlTests" */ = {
			isa = XCBuildConfiguration;
			buildSettings = {
				BUNDLE_LOADER = "$(TEST_HOST)";
				CODE_SIGN_STYLE = Automatic;
				CURRENT_PROJECT_VERSION = 1;
				GENERATE_INFOPLIST_FILE = YES;
				IPHONEOS_DEPLOYMENT_TARGET = 27.0;
				MARKETING_VERSION = 1.0;
				PRODUCT_BUNDLE_IDENTIFIER = Rohan.MissionControlTests;
				PRODUCT_NAME = "$(TARGET_NAME)";
				STRING_CATALOG_GENERATE_SYMBOLS = NO;
				SWIFT_APPROACHABLE_CONCURRENCY = YES;
				SWIFT_EMIT_LOC_STRINGS = NO;
				SWIFT_UPCOMING_FEATURE_MEMBER_IMPORT_VISIBILITY = YES;
				SWIFT_VERSION = 5.0;
				TARGETED_DEVICE_FAMILY = "1,2";
				TEST_HOST = "$(BUILT_PRODUCTS_DIR)/MissionControl.app/$(BUNDLE_EXECUTABLE_FOLDER_PATH)/MissionControl";
			};
			name = Debug;
		};
		E6578F3F306FCE8D00FC1FCA /* Release configuration for PBXNativeTarget "MissionControlTests" */ = {
			isa = XCBuildConfiguration;
			buildSettings = {
				BUNDLE_LOADER = "$(TEST_HOST)";
				CODE_SIGN_STYLE = Automatic;
				CURRENT_PROJECT_VERSION = 1;
				GENERATE_INFOPLIST_FILE = YES;
				IPHONEOS_DEPLOYMENT_TARGET = 27.0;
				MARKETING_VERSION = 1.0;
				PRODUCT_BUNDLE_IDENTIFIER = Rohan.MissionControlTests;
				PRODUCT_NAME = "$(TARGET_NAME)";
				STRING_CATALOG_GENERATE_SYMBOLS = NO;
				SWIFT_APPROACHABLE_CONCURRENCY = YES;
				SWIFT_EMIT_LOC_STRINGS = NO;
				SWIFT_UPCOMING_FEATURE_MEMBER_IMPORT_VISIBILITY = YES;
				SWIFT_VERSION = 5.0;
				TARGETED_DEVICE_FAMILY = "1,2";
				TEST_HOST = "$(BUILT_PRODUCTS_DIR)/MissionControl.app/$(BUNDLE_EXECUTABLE_FOLDER_PATH)/MissionControl";
			};
			name = Release;
		};
		E6578F41306FCE8D00FC1FCA /* Debug configuration for PBXNativeTarget "MissionControlUITests" */ = {
			isa = XCBuildConfiguration;
			buildSettings = {
				CODE_SIGN_STYLE = Automatic;
				CURRENT_PROJECT_VERSION = 1;
				GENERATE_INFOPLIST_FILE = YES;
				MARKETING_VERSION = 1.0;
				PRODUCT_BUNDLE_IDENTIFIER = Rohan.MissionControlUITests;
				PRODUCT_NAME = "$(TARGET_NAME)";
				STRING_CATALOG_GENERATE_SYMBOLS = NO;
				SWIFT_APPROACHABLE_CONCURRENCY = YES;
				SWIFT_EMIT_LOC_STRINGS = NO;
				SWIFT_UPCOMING_FEATURE_MEMBER_IMPORT_VISIBILITY = YES;
				SWIFT_VERSION = 5.0;
				TARGETED_DEVICE_FAMILY = "1,2";
				TEST_TARGET_NAME = MissionControl;
			};
			name = Debug;
		};
		E6578F42306FCE8D00FC1FCA /* Release configuration for PBXNativeTarget "MissionControlUITests" */ = {
			isa = XCBuildConfiguration;
			buildSettings = {
				CODE_SIGN_STYLE = Automatic;
				CURRENT_PROJECT_VERSION = 1;
				GENERATE_INFOPLIST_FILE = YES;
				MARKETING_VERSION = 1.0;
				PRODUCT_BUNDLE_IDENTIFIER = Rohan.MissionControlUITests;
				PRODUCT_NAME = "$(TARGET_NAME)";
				STRING_CATALOG_GENERATE_SYMBOLS = NO;
				SWIFT_APPROACHABLE_CONCURRENCY = YES;
				SWIFT_EMIT_LOC_STRINGS = NO;
				SWIFT_UPCOMING_FEATURE_MEMBER_IMPORT_VISIBILITY = YES;
				SWIFT_VERSION = 5.0;
				TARGETED_DEVICE_FAMILY = "1,2";
				TEST_TARGET_NAME = MissionControl;
			};
			name = Release;
		};
		E65791C83072085600FC1FCA /* Debug configuration for PBXNativeTarget "MissionControlWidgetExtension" */ = {
			isa = XCBuildConfiguration;
			buildSettings = {
				ASSETCATALOG_COMPILER_GLOBAL_ACCENT_COLOR_NAME = AccentColor;
				ASSETCATALOG_COMPILER_WIDGET_BACKGROUND_COLOR_NAME = WidgetBackground;
				CODE_SIGN_ENTITLEMENTS = MissionControl/MissionControl.entitlements;
				CODE_SIGN_STYLE = Automatic;
				CURRENT_PROJECT_VERSION = 1;
				GENERATE_INFOPLIST_FILE = YES;
				INFOPLIST_FILE = MissionControlWidget/Info.plist;
				INFOPLIST_KEY_CFBundleDisplayName = MissionControlWidget;
				INFOPLIST_KEY_NSHumanReadableCopyright = "";
				LD_RUNPATH_SEARCH_PATHS = (
					"$(inherited)",
					"@executable_path/Frameworks",
					"@executable_path/../../Frameworks",
				);
				MARKETING_VERSION = 1.0;
				PRODUCT_BUNDLE_IDENTIFIER = Rohan.MissionControl.MissionControlWidget;
				PRODUCT_NAME = "$(TARGET_NAME)";
				REGISTER_APP_GROUPS = YES;
				SKIP_INSTALL = YES;
				STRING_CATALOG_GENERATE_SYMBOLS = YES;
				SWIFT_APPROACHABLE_CONCURRENCY = YES;
				SWIFT_EMIT_LOC_STRINGS = YES;
				SWIFT_UPCOMING_FEATURE_MEMBER_IMPORT_VISIBILITY = YES;
				SWIFT_VERSION = 5.0;
				TARGETED_DEVICE_FAMILY = "1,2";
			};
			name = Debug;
		};
		E65791C93072085600FC1FCA /* Release configuration for PBXNativeTarget "MissionControlWidgetExtension" */ = {
			isa = XCBuildConfiguration;
			buildSettings = {
				ASSETCATALOG_COMPILER_GLOBAL_ACCENT_COLOR_NAME = AccentColor;
				ASSETCATALOG_COMPILER_WIDGET_BACKGROUND_COLOR_NAME = WidgetBackground;
				CODE_SIGN_ENTITLEMENTS = MissionControl/MissionControl.entitlements;
				CODE_SIGN_STYLE = Automatic;
				CURRENT_PROJECT_VERSION = 1;
				GENERATE_INFOPLIST_FILE = YES;
				INFOPLIST_FILE = MissionControlWidget/Info.plist;
				INFOPLIST_KEY_CFBundleDisplayName = MissionControlWidget;
				INFOPLIST_KEY_NSHumanReadableCopyright = "";
				LD_RUNPATH_SEARCH_PATHS = (
					"$(inherited)",
					"@executable_path/Frameworks",
					"@executable_path/../../Frameworks",
				);
				MARKETING_VERSION = 1.0;
				PRODUCT_BUNDLE_IDENTIFIER = Rohan.MissionControl.MissionControlWidget;
				PRODUCT_NAME = "$(TARGET_NAME)";
				REGISTER_APP_GROUPS = YES;
				SKIP_INSTALL = YES;
				STRING_CATALOG_GENERATE_SYMBOLS = YES;
				SWIFT_APPROACHABLE_CONCURRENCY = YES;
				SWIFT_EMIT_LOC_STRINGS = YES;
				SWIFT_UPCOMING_FEATURE_MEMBER_IMPORT_VISIBILITY = YES;
				SWIFT_VERSION = 5.0;
				TARGETED_DEVICE_FAMILY = "1,2";
			};
			name = Release;
		};
/* End XCBuildConfiguration section */

/* Begin XCConfigurationList section */
		E6578F16306FCE8C00FC1FCA /* Build configuration list for PBXProject "MissionControl" */ = {
			isa = XCConfigurationList;
			buildConfigurations = (
				E6578F38306FCE8D00FC1FCA /* Debug configuration for PBXProject "MissionControl" */,
				E6578F39306FCE8D00FC1FCA /* Release configuration for PBXProject "MissionControl" */,
			);
			defaultConfigurationName = Release;
		};
		E6578F3A306FCE8D00FC1FCA /* Build configuration list for PBXNativeTarget "MissionControl" */ = {
			isa = XCConfigurationList;
			buildConfigurations = (
				E6578F3B306FCE8D00FC1FCA /* Debug configuration for PBXNativeTarget "MissionControl" */,
				E6578F3C306FCE8D00FC1FCA /* Release configuration for PBXNativeTarget "MissionControl" */,
			);
			defaultConfigurationName = Release;
		};
		E6578F3D306FCE8D00FC1FCA /* Build configuration list for PBXNativeTarget "MissionControlTests" */ = {
			isa = XCConfigurationList;
			buildConfigurations = (
				E6578F3E306FCE8D00FC1FCA /* Debug configuration for PBXNativeTarget "MissionControlTests" */,
				E6578F3F306FCE8D00FC1FCA /* Release configuration for PBXNativeTarget "MissionControlTests" */,
			);
			defaultConfigurationName = Release;
		};
		E6578F40306FCE8D00FC1FCA /* Build configuration list for PBXNativeTarget "MissionControlUITests" */ = {
			isa = XCConfigurationList;
			buildConfigurations = (
				E6578F41306FCE8D00FC1FCA /* Debug configuration for PBXNativeTarget "MissionControlUITests" */,
				E6578F42306FCE8D00FC1FCA /* Release configuration for PBXNativeTarget "MissionControlUITests" */,
			);
			defaultConfigurationName = Release;
		};
		E65791CB3072085600FC1FCA /* Build configuration list for PBXNativeTarget "MissionControlWidgetExtension" */ = {
			isa = XCConfigurationList;
			buildConfigurations = (
				E65791C83072085600FC1FCA /* Debug configuration for PBXNativeTarget "MissionControlWidgetExtension" */,
				E65791C93072085600FC1FCA /* Release configuration for PBXNativeTarget "MissionControlWidgetExtension" */,
			);
			defaultConfigurationName = Release;
		};
/* End XCConfigurationList section */
	};
	rootObject = E6578F13306FCE8C00FC1FCA /* Project object */;
	validationLevel = 1;
}
